
Microsoft Visual Studio Solution File, Format Version 12.00
# Visual Studio Version 17
VisualStudioVersion = 17.4.33103.184
MinimumVisualStudioVersion = 10.0.40219.1
Project("{FAE04EC0-301F-11D3-BF4B-00C04F79EFBC}") = "calendar", "calendar\calendar.csproj", "{DC46952B-4850-4682-9584-228CBFAF9BFC}"
EndProject
Global
	GlobalSection(SolutionConfigurationPlatforms) = preSolution
		Debug|Any CPU = Debug|Any CPU
		Release|Any CPU = Release|Any CPU
	EndGlobalSection
	GlobalSection(ProjectConfigurationPlatforms) = postSolution
		{DC46952B-4850-4682-9584-228CBFAF9BFC}.Debug|Any CPU.ActiveCfg = Debug|Any CPU
		{DC46952B-4850-4682-9584-228CBFAF9BFC}.Debug|Any CPU.Build.0 = Debug|Any CPU
		{DC46952B-4850-4682-9584-228CBFAF9BFC}.Release|Any CPU.ActiveCfg = Release|Any CPU
		{DC46952B-4850-4682-9584-228CBFAF9BFC}.Release|Any CPU.Build.0 = Release|Any CPU
	EndGlobalSection
	GlobalSection(SolutionProperties) = preSolution
		HideSolutionNode = FALSE
	EndGlobalSection
	GlobalSection(ExtensibilityGlobals) = postSolution
		SolutionGuid = {22840C8D-1DA4-46CC-BFDF-1075BE1614D5}
	EndGlobalSection
EndGlobal
